
Microsoft Visual Studio Solution File, Format Version 12.00
# Visual Studio Version 17
VisualStudioVersion = 17.5.33516.290
MinimumVisualStudioVersion = 10.0.40219.1
Project("{FAE04EC0-301F-11D3-BF4B-00C04F79EFBC}") = "EncoderLib", "EncoderLib\EncoderLib.csproj", "{31E677E8-3C43-40B8-8CB1-0D8291D265BA}"
EndProject
Project("{FAE04EC0-301F-11D3-BF4B-00C04F79EFBC}") = "EncoderPDFWindowsService", "EncoderPDFWindowsService\EncoderPDFWindowsService.csproj", "{592EE8D9-EFC7-441B-8939-76F18AE82FA7}"
EndProject
Project("{FAE04EC0-301F-11D3-BF4B-00C04F79EFBC}") = "ConsoleTest", "ConsoleTest\ConsoleTest.csproj", "{4A3441B9-6541-4FF4-9B2D-C3AC7F9A9F7D}"
EndProject
Global
	GlobalSection(SolutionConfigurationPlatforms) = preSolution
		Debug|Any CPU = Debug|Any CPU
		Release|Any CPU = Release|Any CPU
	EndGlobalSection
	GlobalSection(ProjectConfigurationPlatforms) = postSolution
		{31E677E8-3C43-40B8-8CB1-0D8291D265BA}.Debug|Any CPU.ActiveCfg = Debug|Any CPU
		{31E677E8-3C43-40B8-8CB1-0D8291D265BA}.Debug|Any CPU.Build.0 = Debug|Any CPU
		{31E677E8-3C43-40B8-8CB1-0D8291D265BA}.Release|Any CPU.ActiveCfg = Release|Any CPU
		{31E677E8-3C43-40B8-8CB1-0D8291D265BA}.Release|Any CPU.Build.0 = Release|Any CPU
		{592EE8D9-EFC7-441B-8939-76F18AE82FA7}.Debug|Any CPU.ActiveCfg = Debug|Any CPU
		{592EE8D9-EFC7-441B-8939-76F18AE82FA7}.Debug|Any CPU.Build.0 = Debug|Any CPU
		{592EE8D9-EFC7-441B-8939-76F18AE82FA7}.Release|Any CPU.ActiveCfg = Release|Any CPU
		{592EE8D9-EFC7-441B-8939-76F18AE82FA7}.Release|Any CPU.Build.0 = Release|Any CPU
		{4A3441B9-6541-4FF4-9B2D-C3AC7F9A9F7D}.Debug|Any CPU.ActiveCfg = Debug|Any CPU
		{4A3441B9-6541-4FF4-9B2D-C3AC7F9A9F7D}.Debug|Any CPU.Build.0 = Debug|Any CPU
		{4A3441B9-6541-4FF4-9B2D-C3AC7F9A9F7D}.Release|Any CPU.ActiveCfg = Release|Any CPU
		{4A3441B9-6541-4FF4-9B2D-C3AC7F9A9F7D}.Release|Any CPU.Build.0 = Release|Any CPU
	EndGlobalSection
	GlobalSection(SolutionProperties) = preSolution
		HideSolutionNode = FALSE
	EndGlobalSection
	GlobalSection(ExtensibilityGlobals) = postSolution
		SolutionGuid = {499FAD32-A91D-485B-A037-4FBECD76D559}
	EndGlobalSection
EndGlobal
